
Microsoft Visual Studio Solution File, Format Version 12.00
# Visual Studio Version 17
VisualStudioVersion = 17.2.32519.379
MinimumVisualStudioVersion = 10.0.40219.1
Project("{FAE04EC0-301F-11D3-BF4B-00C04F79EFBC}") = "TP2", "TP2\TP2.csproj", "{28301D31-A5E1-480D-935A-BEE99D48023A}"
EndProject
Project("{FAE04EC0-301F-11D3-BF4B-00C04F79EFBC}") = "TP2Tests", "TP2Tests\TP2Tests.csproj", "{E4843A61-7E89-41DD-AD3C-90A838146079}"
EndProject
Project("{FAE04EC0-301F-11D3-BF4B-00C04F79EFBC}") = "TP2Logica", "TP2Logica\TP2Logica.csproj", "{816870A2-8CB1-42F5-A694-6EC94DB9368F}"
EndProject
Global
	GlobalSection(SolutionConfigurationPlatforms) = preSolution
		Debug|Any CPU = Debug|Any CPU
		Release|Any CPU = Release|Any CPU
	EndGlobalSection
	GlobalSection(ProjectConfigurationPlatforms) = postSolution
		{28301D31-A5E1-480D-935A-BEE99D48023A}.Debug|Any CPU.ActiveCfg = Debug|Any CPU
		{28301D31-A5E1-480D-935A-BEE99D48023A}.Debug|Any CPU.Build.0 = Debug|Any CPU
		{28301D31-A5E1-480D-935A-BEE99D48023A}.Release|Any CPU.ActiveCfg = Release|Any CPU
		{28301D31-A5E1-480D-935A-BEE99D48023A}.Release|Any CPU.Build.0 = Release|Any CPU
		{E4843A61-7E89-41DD-AD3C-90A838146079}.Debug|Any CPU.ActiveCfg = Debug|Any CPU
		{E4843A61-7E89-41DD-AD3C-90A838146079}.Debug|Any CPU.Build.0 = Debug|Any CPU
		{E4843A61-7E89-41DD-AD3C-90A838146079}.Release|Any CPU.ActiveCfg = Release|Any CPU
		{E4843A61-7E89-41DD-AD3C-90A838146079}.Release|Any CPU.Build.0 = Release|Any CPU
		{816870A2-8CB1-42F5-A694-6EC94DB9368F}.Debug|Any CPU.ActiveCfg = Debug|Any CPU
		{816870A2-8CB1-42F5-A694-6EC94DB9368F}.Debug|Any CPU.Build.0 = Debug|Any CPU
		{816870A2-8CB1-42F5-A694-6EC94DB9368F}.Release|Any CPU.ActiveCfg = Release|Any CPU
		{816870A2-8CB1-42F5-A694-6EC94DB9368F}.Release|Any CPU.Build.0 = Release|Any CPU
	EndGlobalSection
	GlobalSection(SolutionProperties) = preSolution
		HideSolutionNode = FALSE
	EndGlobalSection
	GlobalSection(ExtensibilityGlobals) = postSolution
		SolutionGuid = {96FB25DD-FBD1-46A8-A12F-E172B0A11228}
	EndGlobalSection
EndGlobal
